
Microsoft Visual Studio Solution File, Format Version 12.00
# Visual Studio 14
VisualStudioVersion = 14.0.25420.1
MinimumVisualStudioVersion = 10.0.40219.1
Project("{FAE04EC0-301F-11D3-BF4B-00C04F79EFBC}") = "HomeHubWPFClient", "HomeHubWPFClient\HomeHubWPFClient.csproj", "{16247ED1-3EE6-4632-8B16-4D39BD6280C2}"
EndProject
Project("{FAE04EC0-301F-11D3-BF4B-00C04F79EFBC}") = "HomeHubService", "HomeHubService\HomeHubService.csproj", "{69E0ABDE-51C1-4545-8098-6FFFC4F6F788}"
EndProject
Project("{FAE04EC0-301F-11D3-BF4B-00C04F79EFBC}") = "HomeHub.Model", "HomeHub.Model\HomeHub.Model.csproj", "{322581D5-9F3E-4B65-AB32-370BCF074C27}"
EndProject
Project("{FAE04EC0-301F-11D3-BF4B-00C04F79EFBC}") = "HomeHubClient", "HomeHubClient\HomeHubClient.csproj", "{0D9F8E08-BABE-4C6D-B097-4B6DA3706DD7}"
EndProject
Project("{2150E333-8FDC-42A3-9474-1A3956D46DE8}") = "Solution Items", "Solution Items", "{53117697-7848-46CF-A358-EFEC06FF0966}"
	ProjectSection(SolutionItems) = preProject
		TODOs.txt = TODOs.txt
	EndProjectSection
EndProject
Project("{2150E333-8FDC-42A3-9474-1A3956D46DE8}") = "XamarinApp", "XamarinApp", "{6C3E9C59-92C9-4509-8BE6-EAAF615BEAB5}"
EndProject
Project("{FAE04EC0-301F-11D3-BF4B-00C04F79EFBC}") = "HomeHubApp", "XamarinApp\HomeHubApp\HomeHubApp\HomeHubApp.csproj", "{0C058572-78DF-45F2-9EE2-8972A790C37D}"
	ProjectSection(ProjectDependencies) = postProject
		{0D9F8E08-BABE-4C6D-B097-4B6DA3706DD7} = {0D9F8E08-BABE-4C6D-B097-4B6DA3706DD7}
	EndProjectSection
EndProject
Project("{FAE04EC0-301F-11D3-BF4B-00C04F79EFBC}") = "HomeHubApp.Droid", "XamarinApp\HomeHubApp\HomeHubApp.Droid\HomeHubApp.Droid.csproj", "{42D59F93-57A8-4ACC-8A1D-4EC134FD59BA}"
EndProject
Project("{FAE04EC0-301F-11D3-BF4B-00C04F79EFBC}") = "HomeHubApp.iOS", "XamarinApp\HomeHubApp\HomeHubApp.iOS\HomeHubApp.iOS.csproj", "{CF741E22-F2C8-4E22-9758-1FEC15A36604}"
EndProject
Project("{FAE04EC0-301F-11D3-BF4B-00C04F79EFBC}") = "HomeHubApp.WinPhone", "XamarinApp\HomeHubApp\HomeHubApp.WinPhone\HomeHubApp.WinPhone.csproj", "{BD138E68-BC5A-4776-83DE-B363F1E1CB51}"
EndProject
Project("{FAE04EC0-301F-11D3-BF4B-00C04F79EFBC}") = "HomeHubApp.UWP", "XamarinApp\HomeHubApp\HomeHubApp.UWP\HomeHubApp.UWP.csproj", "{5AE43BFF-B53B-4AF7-9EDF-E5118232DD38}"
EndProject
Project("{FAE04EC0-301F-11D3-BF4B-00C04F79EFBC}") = "HomeHubApp.Windows", "XamarinApp\HomeHubApp\HomeHubApp.Windows\HomeHubApp.Windows.csproj", "{C942CE5C-A4E0-451D-A3B5-01F4EAE6555E}"
EndProject
Global
	GlobalSection(SolutionConfigurationPlatforms) = preSolution
		Ad-Hoc|Any CPU = Ad-Hoc|Any CPU
		Ad-Hoc|ARM = Ad-Hoc|ARM
		Ad-Hoc|iPhone = Ad-Hoc|iPhone
		Ad-Hoc|iPhoneSimulator = Ad-Hoc|iPhoneSimulator
		Ad-Hoc|x64 = Ad-Hoc|x64
		Ad-Hoc|x86 = Ad-Hoc|x86
		AppStore|Any CPU = AppStore|Any CPU
		AppStore|ARM = AppStore|ARM
		AppStore|iPhone = AppStore|iPhone
		AppStore|iPhoneSimulator = AppStore|iPhoneSimulator
		AppStore|x64 = AppStore|x64
		AppStore|x86 = AppStore|x86
		Debug|Any CPU = Debug|Any CPU
		Debug|ARM = Debug|ARM
		Debug|iPhone = Debug|iPhone
		Debug|iPhoneSimulator = Debug|iPhoneSimulator
		Debug|x64 = Debug|x64
		Debug|x86 = Debug|x86
		Release|Any CPU = Release|Any CPU
		Release|ARM = Release|ARM
		Release|iPhone = Release|iPhone
		Release|iPhoneSimulator = Release|iPhoneSimulator
		Release|x64 = Release|x64
		Release|x86 = Release|x86
	EndGlobalSection
	GlobalSection(ProjectConfigurationPlatforms) = postSolution
		{16247ED1-3EE6-4632-8B16-4D39BD6280C2}.Ad-Hoc|Any CPU.ActiveCfg = Release|Any CPU
		{16247ED1-3EE6-4632-8B16-4D39BD6280C2}.Ad-Hoc|Any CPU.Build.0 = Release|Any CPU
		{16247ED1-3EE6-4632-8B16-4D39BD6280C2}.Ad-Hoc|ARM.ActiveCfg = Release|Any CPU
		{16247ED1-3EE6-4632-8B16-4D39BD6280C2}.Ad-Hoc|ARM.Build.0 = Release|Any CPU
		{16247ED1-3EE6-4632-8B16-4D39BD6280C2}.Ad-Hoc|iPhone.ActiveCfg = Release|Any CPU
		{16247ED1-3EE6-4632-8B16-4D39BD6280C2}.Ad-Hoc|iPhone.Build.0 = Release|Any CPU
		{16247ED1-3EE6-4632-8B16-4D39BD6280C2}.Ad-Hoc|iPhoneSimulator.ActiveCfg = Release|Any CPU
		{16247ED1-3EE6-4632-8B16-4D39BD6280C2}.Ad-Hoc|iPhoneSimulator.Build.0 = Release|Any CPU
		{16247ED1-3EE6-4632-8B16-4D39BD6280C2}.Ad-Hoc|x64.ActiveCfg = Release|Any CPU
		{16247ED1-3EE6-4632-8B16-4D39BD6280C2}.Ad-Hoc|x64.Build.0 = Release|Any CPU
		{16247ED1-3EE6-4632-8B16-4D39BD6280C2}.Ad-Hoc|x86.ActiveCfg = Release|Any CPU
		{16247ED1-3EE6-4632-8B16-4D39BD6280C2}.Ad-Hoc|x86.Build.0 = Release|Any CPU
		{16247ED1-3EE6-4632-8B16-4D39BD6280C2}.AppStore|Any CPU.ActiveCfg = Release|Any CPU
		{16247ED1-3EE6-4632-8B16-4D39BD6280C2}.AppStore|Any CPU.Build.0 = Release|Any CPU
		{16247ED1-3EE6-4632-8B16-4D39BD6280C2}.AppStore|ARM.ActiveCfg = Release|Any CPU
		{16247ED1-3EE6-4632-8B16-4D39BD6280C2}.AppStore|ARM.Build.0 = Release|Any CPU
		{16247ED1-3EE6-4632-8B16-4D39BD6280C2}.AppStore|iPhone.ActiveCfg = Release|Any CPU
		{16247ED1-3EE6-4632-8B16-4D39BD6280C2}.AppStore|iPhone.Build.0 = Release|Any CPU
		{16247ED1-3EE6-4632-8B16-4D39BD6280C2}.AppStore|iPhoneSimulator.ActiveCfg = Release|Any CPU
		{16247ED1-3EE6-4632-8B16-4D39BD6280C2}.AppStore|iPhoneSimulator.Build.0 = Release|Any CPU
		{16247ED1-3EE6-4632-8B16-4D39BD6280C2}.AppStore|x64.ActiveCfg = Release|Any CPU
		{16247ED1-3EE6-4632-8B16-4D39BD6280C2}.AppStore|x64.Build.0 = Release|Any CPU
		{16247ED1-3EE6-4632-8B16-4D39BD6280C2}.AppStore|x86.ActiveCfg = Release|Any CPU
		{16247ED1-3EE6-4632-8B16-4D39BD6280C2}.AppStore|x86.Build.0 = Release|Any CPU
		{16247ED1-3EE6-4632-8B16-4D39BD6280C2}.Debug|Any CPU.ActiveCfg = Debug|Any CPU
		{16247ED1-3EE6-4632-8B16-4D39BD6280C2}.Debug|Any CPU.Build.0 = Debug|Any CPU
		{16247ED1-3EE6-4632-8B16-4D39BD6280C2}.Debug|ARM.ActiveCfg = Debug|Any CPU
		{16247ED1-3EE6-4632-8B16-4D39BD6280C2}.Debug|ARM.Build.0 = Debug|Any CPU
		{16247ED1-3EE6-4632-8B16-4D39BD6280C2}.Debug|iPhone.ActiveCfg = Debug|Any CPU
		{16247ED1-3EE6-4632-8B16-4D39BD6280C2}.Debug|iPhone.Build.0 = Debug|Any CPU
		{16247ED1-3EE6-4632-8B16-4D39BD6280C2}.Debug|iPhoneSimulator.ActiveCfg = Debug|Any CPU
		{16247ED1-3EE6-4632-8B16-4D39BD6280C2}.Debug|iPhoneSimulator.Build.0 = Debug|Any CPU
		{16247ED1-3EE6-4632-8B16-4D39BD6280C2}.Debug|x64.ActiveCfg = Debug|Any CPU
		{16247ED1-3EE6-4632-8B16-4D39BD6280C2}.Debug|x64.Build.0 = Debug|Any CPU
		{16247ED1-3EE6-4632-8B16-4D39BD6280C2}.Debug|x86.ActiveCfg = Debug|Any CPU
		{16247ED1-3EE6-4632-8B16-4D39BD6280C2}.Debug|x86.Build.0 = Debug|Any CPU
		{16247ED1-3EE6-4632-8B16-4D39BD6280C2}.Release|Any CPU.ActiveCfg = Release|Any CPU
		{16247ED1-3EE6-4632-8B16-4D39BD6280C2}.Release|Any CPU.Build.0 = Release|Any CPU
		{16247ED1-3EE6-4632-8B16-4D39BD6280C2}.Release|ARM.ActiveCfg = Release|Any CPU
		{16247ED1-3EE6-4632-8B16-4D39BD6280C2}.Release|ARM.Build.0 = Release|Any CPU
		{16247ED1-3EE6-4632-8B16-4D39BD6280C2}.Release|iPhone.ActiveCfg = Release|Any CPU
		{16247ED1-3EE6-4632-8B16-4D39BD6280C2}.Release|iPhone.Build.0 = Release|Any CPU
		{16247ED1-3EE6-4632-8B16-4D39BD6280C2}.Release|iPhoneSimulator.ActiveCfg = Release|Any CPU
		{16247ED1-3EE6-4632-8B16-4D39BD6280C2}.Release|iPhoneSimulator.Build.0 = Release|Any CPU
		{16247ED1-3EE6-4632-8B16-4D39BD6280C2}.Release|x64.ActiveCfg = Release|Any CPU
		{16247ED1-3EE6-4632-8B16-4D39BD6280C2}.Release|x64.Build.0 = Release|Any CPU
		{16247ED1-3EE6-4632-8B16-4D39BD6280C2}.Release|x86.ActiveCfg = Release|Any CPU
		{16247ED1-3EE6-4632-8B16-4D39BD6280C2}.Release|x86.Build.0 = Release|Any CPU
		{69E0ABDE-51C1-4545-8098-6FFFC4F6F788}.Ad-Hoc|Any CPU.ActiveCfg = Release|Any CPU
		{69E0ABDE-51C1-4545-8098-6FFFC4F6F788}.Ad-Hoc|Any CPU.Build.0 = Release|Any CPU
		{69E0ABDE-51C1-4545-8098-6FFFC4F6F788}.Ad-Hoc|ARM.ActiveCfg = Release|Any CPU
		{69E0ABDE-51C1-4545-8098-6FFFC4F6F788}.Ad-Hoc|ARM.Build.0 = Release|Any CPU
		{69E0ABDE-51C1-4545-8098-6FFFC4F6F788}.Ad-Hoc|iPhone.ActiveCfg = Release|Any CPU
		{69E0ABDE-51C1-4545-8098-6FFFC4F6F788}.Ad-Hoc|iPhone.Build.0 = Release|Any CPU
		{69E0ABDE-51C1-4545-8098-6FFFC4F6F788}.Ad-Hoc|iPhoneSimulator.ActiveCfg = Release|Any CPU
		{69E0ABDE-51C1-4545-8098-6FFFC4F6F788}.Ad-Hoc|iPhoneSimulator.Build.0 = Release|Any CPU
		{69E0ABDE-51C1-4545-8098-6FFFC4F6F788}.Ad-Hoc|x64.ActiveCfg = Release|Any CPU
		{69E0ABDE-51C1-4545-8098-6FFFC4F6F788}.Ad-Hoc|x64.Build.0 = Release|Any CPU
		{69E0ABDE-51C1-4545-8098-6FFFC4F6F788}.Ad-Hoc|x86.ActiveCfg = Release|Any CPU
		{69E0ABDE-51C1-4545-8098-6FFFC4F6F788}.Ad-Hoc|x86.Build.0 = Release|Any CPU
		{69E0ABDE-51C1-4545-8098-6FFFC4F6F788}.AppStore|Any CPU.ActiveCfg = Release|Any CPU
		{69E0ABDE-51C1-4545-8098-6FFFC4F6F788}.AppStore|Any CPU.Build.0 = Release|Any CPU
		{69E0ABDE-51C1-4545-8098-6FFFC4F6F788}.AppStore|ARM.ActiveCfg = Release|Any CPU
		{69E0ABDE-51C1-4545-8098-6FFFC4F6F788}.AppStore|ARM.Build.0 = Release|Any CPU
		{69E0ABDE-51C1-4545-8098-6FFFC4F6F788}.AppStore|iPhone.ActiveCfg = Release|Any CPU
		{69E0ABDE-51C1-4545-8098-6FFFC4F6F788}.AppStore|iPhone.Build.0 = Release|Any CPU
		{69E0ABDE-51C1-4545-8098-6FFFC4F6F788}.AppStore|iPhoneSimulator.ActiveCfg = Release|Any CPU
		{69E0ABDE-51C1-4545-8098-6FFFC4F6F788}.AppStore|iPhoneSimulator.Build.0 = Release|Any CPU
		{69E0ABDE-51C1-4545-8098-6FFFC4F6F788}.AppStore|x64.ActiveCfg = Release|Any CPU
		{69E0ABDE-51C1-4545-8098-6FFFC4F6F788}.AppStore|x64.Build.0 = Release|Any CPU
		{69E0ABDE-51C1-4545-8098-6FFFC4F6F788}.AppStore|x86.ActiveCfg = Release|Any CPU
		{69E0ABDE-51C1-4545-8098-6FFFC4F6F788}.AppStore|x86.Build.0 = Release|Any CPU
		{69E0ABDE-51C1-4545-8098-6FFFC4F6F788}.Debug|Any CPU.ActiveCfg = Debug|Any CPU
		{69E0ABDE-51C1-4545-8098-6FFFC4F6F788}.Debug|Any CPU.Build.0 = Debug|Any CPU
		{69E0ABDE-51C1-4545-8098-6FFFC4F6F788}.Debug|ARM.ActiveCfg = Debug|Any CPU
		{69E0ABDE-51C1-4545-8098-6FFFC4F6F788}.Debug|ARM.Build.0 = Debug|Any CPU
		{69E0ABDE-51C1-4545-8098-6FFFC4F6F788}.Debug|iPhone.ActiveCfg = Debug|Any CPU
		{69E0ABDE-51C1-4545-8098-6FFFC4F6F788}.Debug|iPhone.Build.0 = Debug|Any CPU
		{69E0ABDE-51C1-4545-8098-6FFFC4F6F788}.Debug|iPhoneSimulator.ActiveCfg = Debug|Any CPU
		{69E0ABDE-51C1-4545-8098-6FFFC4F6F788}.Debug|iPhoneSimulator.Build.0 = Debug|Any CPU
		{69E0ABDE-51C1-4545-8098-6FFFC4F6F788}.Debug|x64.ActiveCfg = Debug|Any CPU
		{69E0ABDE-51C1-4545-8098-6FFFC4F6F788}.Debug|x64.Build.0 = Debug|Any CPU
		{69E0ABDE-51C1-4545-8098-6FFFC4F6F788}.Debug|x86.ActiveCfg = Debug|Any CPU
		{69E0ABDE-51C1-4545-8098-6FFFC4F6F788}.Debug|x86.Build.0 = Debug|Any CPU
		{69E0ABDE-51C1-4545-8098-6FFFC4F6F788}.Release|Any CPU.ActiveCfg = Release|Any CPU
		{69E0ABDE-51C1-4545-8098-6FFFC4F6F788}.Release|Any CPU.Build.0 = Release|Any CPU
		{69E0ABDE-51C1-4545-8098-6FFFC4F6F788}.Release|ARM.ActiveCfg = Release|Any CPU
		{69E0ABDE-51C1-4545-8098-6FFFC4F6F788}.Release|ARM.Build.0 = Release|Any CPU
		{69E0ABDE-51C1-4545-8098-6FFFC4F6F788}.Release|iPhone.ActiveCfg = Release|Any CPU
		{69E0ABDE-51C1-4545-8098-6FFFC4F6F788}.Release|iPhone.Build.0 = Release|Any CPU
		{69E0ABDE-51C1-4545-8098-6FFFC4F6F788}.Release|iPhoneSimulator.ActiveCfg = Release|Any CPU
		{69E0ABDE-51C1-4545-8098-6FFFC4F6F788}.Release|iPhoneSimulator.Build.0 = Release|Any CPU
		{69E0ABDE-51C1-4545-8098-6FFFC4F6F788}.Release|x64.ActiveCfg = Release|Any CPU
		{69E0ABDE-51C1-4545-8098-6FFFC4F6F788}.Release|x64.Build.0 = Release|Any CPU
		{69E0ABDE-51C1-4545-8098-6FFFC4F6F788}.Release|x86.ActiveCfg = Release|Any CPU
		{69E0ABDE-51C1-4545-8098-6FFFC4F6F788}.Release|x86.Build.0 = Release|Any CPU
		{322581D5-9F3E-4B65-AB32-370BCF074C27}.Ad-Hoc|Any CPU.ActiveCfg = Release|Any CPU
		{322581D5-9F3E-4B65-AB32-370BCF074C27}.Ad-Hoc|Any CPU.Build.0 = Release|Any CPU
		{322581D5-9F3E-4B65-AB32-370BCF074C27}.Ad-Hoc|ARM.ActiveCfg = Release|Any CPU
		{322581D5-9F3E-4B65-AB32-370BCF074C27}.Ad-Hoc|ARM.Build.0 = Release|Any CPU
		{322581D5-9F3E-4B65-AB32-370BCF074C27}.Ad-Hoc|iPhone.ActiveCfg = Release|Any CPU
		{322581D5-9F3E-4B65-AB32-370BCF074C27}.Ad-Hoc|iPhone.Build.0 = Release|Any CPU
		{322581D5-9F3E-4B65-AB32-370BCF074C27}.Ad-Hoc|iPhoneSimulator.ActiveCfg = Release|Any CPU
		{322581D5-9F3E-4B65-AB32-370BCF074C27}.Ad-Hoc|iPhoneSimulator.Build.0 = Release|Any CPU
		{322581D5-9F3E-4B65-AB32-370BCF074C27}.Ad-Hoc|x64.ActiveCfg = Release|Any CPU
		{322581D5-9F3E-4B65-AB32-370BCF074C27}.Ad-Hoc|x64.Build.0 = Release|Any CPU
		{322581D5-9F3E-4B65-AB32-370BCF074C27}.Ad-Hoc|x86.ActiveCfg = Release|Any CPU
		{322581D5-9F3E-4B65-AB32-370BCF074C27}.Ad-Hoc|x86.Build.0 = Release|Any CPU
		{322581D5-9F3E-4B65-AB32-370BCF074C27}.AppStore|Any CPU.ActiveCfg = Release|Any CPU
		{322581D5-9F3E-4B65-AB32-370BCF074C27}.AppStore|Any CPU.Build.0 = Release|Any CPU
		{322581D5-9F3E-4B65-AB32-370BCF074C27}.AppStore|ARM.ActiveCfg = Release|Any CPU
		{322581D5-9F3E-4B65-AB32-370BCF074C27}.AppStore|ARM.Build.0 = Release|Any CPU
		{322581D5-9F3E-4B65-AB32-370BCF074C27}.AppStore|iPhone.ActiveCfg = Release|Any CPU
		{322581D5-9F3E-4B65-AB32-370BCF074C27}.AppStore|iPhone.Build.0 = Release|Any CPU
		{322581D5-9F3E-4B65-AB32-370BCF074C27}.AppStore|iPhoneSimulator.ActiveCfg = Release|Any CPU
		{322581D5-9F3E-4B65-AB32-370BCF074C27}.AppStore|iPhoneSimulator.Build.0 = Release|Any CPU
		{322581D5-9F3E-4B65-AB32-370BCF074C27}.AppStore|x64.ActiveCfg = Release|Any CPU
		{322581D5-9F3E-4B65-AB32-370BCF074C27}.AppStore|x64.Build.0 = Release|Any CPU
		{322581D5-9F3E-4B65-AB32-370BCF074C27}.AppStore|x86.ActiveCfg = Release|Any CPU
		{322581D5-9F3E-4B65-AB32-370BCF074C27}.AppStore|x86.Build.0 = Release|Any CPU
		{322581D5-9F3E-4B65-AB32-370BCF074C27}.Debug|Any CPU.ActiveCfg = Debug|Any CPU
		{322581D5-9F3E-4B65-AB32-370BCF074C27}.Debug|Any CPU.Build.0 = Debug|Any CPU
		{322581D5-9F3E-4B65-AB32-370BCF074C27}.Debug|ARM.ActiveCfg = Debug|Any CPU
		{322581D5-9F3E-4B65-AB32-370BCF074C27}.Debug|ARM.Build.0 = Debug|Any CPU
		{322581D5-9F3E-4B65-AB32-370BCF074C27}.Debug|iPhone.ActiveCfg = Debug|Any CPU
		{322581D5-9F3E-4B65-AB32-370BCF074C27}.Debug|iPhone.Build.0 = Debug|Any CPU
		{322581D5-9F3E-4B65-AB32-370BCF074C27}.Debug|iPhoneSimulator.ActiveCfg = Debug|Any CPU
		{322581D5-9F3E-4B65-AB32-370BCF074C27}.Debug|iPhoneSimulator.Build.0 = Debug|Any CPU
		{322581D5-9F3E-4B65-AB32-370BCF074C27}.Debug|x64.ActiveCfg = Debug|Any CPU
		{322581D5-9F3E-4B65-AB32-370BCF074C27}.Debug|x64.Build.0 = Debug|Any CPU
		{322581D5-9F3E-4B65-AB32-370BCF074C27}.Debug|x86.ActiveCfg = Debug|Any CPU
		{322581D5-9F3E-4B65-AB32-370BCF074C27}.Debug|x86.Build.0 = Debug|Any CPU
		{322581D5-9F3E-4B65-AB32-370BCF074C27}.Release|Any CPU.ActiveCfg = Release|Any CPU
		{322581D5-9F3E-4B65-AB32-370BCF074C27}.Release|Any CPU.Build.0 = Release|Any CPU
		{322581D5-9F3E-4B65-AB32-370BCF074C27}.Release|ARM.ActiveCfg = Release|Any CPU
		{322581D5-9F3E-4B65-AB32-370BCF074C27}.Release|ARM.Build.0 = Release|Any CPU
		{322581D5-9F3E-4B65-AB32-370BCF074C27}.Release|iPhone.ActiveCfg = Release|Any CPU
		{322581D5-9F3E-4B65-AB32-370BCF074C27}.Release|iPhone.Build.0 = Release|Any CPU
		{322581D5-9F3E-4B65-AB32-370BCF074C27}.Release|iPhoneSimulator.ActiveCfg = Release|Any CPU
		{322581D5-9F3E-4B65-AB32-370BCF074C27}.Release|iPhoneSimulator.Build.0 = Release|Any CPU
		{322581D5-9F3E-4B65-AB32-370BCF074C27}.Release|x64.ActiveCfg = Release|Any CPU
		{322581D5-9F3E-4B65-AB32-370BCF074C27}.Release|x64.Build.0 = Release|Any CPU
		{322581D5-9F3E-4B65-AB32-370BCF074C27}.Release|x86.ActiveCfg = Release|Any CPU
		{322581D5-9F3E-4B65-AB32-370BCF074C27}.Release|x86.Build.0 = Release|Any CPU
		{0D9F8E08-BABE-4C6D-B097-4B6DA3706DD7}.Ad-Hoc|Any CPU.ActiveCfg = Release|Any CPU
		{0D9F8E08-BABE-4C6D-B097-4B6DA3706DD7}.Ad-Hoc|Any CPU.Build.0 = Release|Any CPU
		{0D9F8E08-BABE-4C6D-B097-4B6DA3706DD7}.Ad-Hoc|ARM.ActiveCfg = Release|Any CPU
		{0D9F8E08-BABE-4C6D-B097-4B6DA3706DD7}.Ad-Hoc|ARM.Build.0 = Release|Any CPU
		{0D9F8E08-BABE-4C6D-B097-4B6DA3706DD7}.Ad-Hoc|iPhone.ActiveCfg = Release|Any CPU
		{0D9F8E08-BABE-4C6D-B097-4B6DA3706DD7}.Ad-Hoc|iPhone.Build.0 = Release|Any CPU
		{0D9F8E08-BABE-4C6D-B097-4B6DA3706DD7}.Ad-Hoc|iPhoneSimulator.ActiveCfg = Release|Any CPU
		{0D9F8E08-BABE-4C6D-B097-4B6DA3706DD7}.Ad-Hoc|iPhoneSimulator.Build.0 = Release|Any CPU
		{0D9F8E08-BABE-4C6D-B097-4B6DA3706DD7}.Ad-Hoc|x64.ActiveCfg = Release|Any CPU
		{0D9F8E08-BABE-4C6D-B097-4B6DA3706DD7}.Ad-Hoc|x64.Build.0 = Release|Any CPU
		{0D9F8E08-BABE-4C6D-B097-4B6DA3706DD7}.Ad-Hoc|x86.ActiveCfg = Release|Any CPU
		{0D9F8E08-BABE-4C6D-B097-4B6DA3706DD7}.Ad-Hoc|x86.Build.0 = Release|Any CPU
		{0D9F8E08-BABE-4C6D-B097-4B6DA3706DD7}.AppStore|Any CPU.ActiveCfg = Release|Any CPU
		{0D9F8E08-BABE-4C6D-B097-4B6DA3706DD7}.AppStore|Any CPU.Build.0 = Release|Any CPU
		{0D9F8E08-BABE-4C6D-B097-4B6DA3706DD7}.AppStore|ARM.ActiveCfg = Release|Any CPU
		{0D9F8E08-BABE-4C6D-B097-4B6DA3706DD7}.AppStore|ARM.Build.0 = Release|Any CPU
		{0D9F8E08-BABE-4C6D-B097-4B6DA3706DD7}.AppStore|iPhone.ActiveCfg = Release|Any CPU
		{0D9F8E08-BABE-4C6D-B097-4B6DA3706DD7}.AppStore|iPhone.Build.0 = Release|Any CPU
		{0D9F8E08-BABE-4C6D-B097-4B6DA3706DD7}.AppStore|iPhoneSimulator.ActiveCfg = Release|Any CPU
		{0D9F8E08-BABE-4C6D-B097-4B6DA3706DD7}.AppStore|iPhoneSimulator.Build.0 = Release|Any CPU
		{0D9F8E08-BABE-4C6D-B097-4B6DA3706DD7}.AppStore|x64.ActiveCfg = Release|Any CPU
		{0D9F8E08-BABE-4C6D-B097-4B6DA3706DD7}.AppStore|x64.Build.0 = Release|Any CPU
		{0D9F8E08-BABE-4C6D-B097-4B6DA3706DD7}.AppStore|x86.ActiveCfg = Release|Any CPU
		{0D9F8E08-BABE-4C6D-B097-4B6DA3706DD7}.AppStore|x86.Build.0 = Release|Any CPU
		{0D9F8E08-BABE-4C6D-B097-4B6DA3706DD7}.Debug|Any CPU.ActiveCfg = Debug|Any CPU
		{0D9F8E08-BABE-4C6D-B097-4B6DA3706DD7}.Debug|Any CPU.Build.0 = Debug|Any CPU
		{0D9F8E08-BABE-4C6D-B097-4B6DA3706DD7}.Debug|ARM.ActiveCfg = Debug|Any CPU
		{0D9F8E08-BABE-4C6D-B097-4B6DA3706DD7}.Debug|ARM.Build.0 = Debug|Any CPU
		{0D9F8E08-BABE-4C6D-B097-4B6DA3706DD7}.Debug|iPhone.ActiveCfg = Debug|Any CPU
		{0D9F8E08-BABE-4C6D-B097-4B6DA3706DD7}.Debug|iPhone.Build.0 = Debug|Any CPU
		{0D9F8E08-BABE-4C6D-B097-4B6DA3706DD7}.Debug|iPhoneSimulator.ActiveCfg = Debug|Any CPU
		{0D9F8E08-BABE-4C6D-B097-4B6DA3706DD7}.Debug|iPhoneSimulator.Build.0 = Debug|Any CPU
		{0D9F8E08-BABE-4C6D-B097-4B6DA3706DD7}.Debug|x64.ActiveCfg = Debug|Any CPU
		{0D9F8E08-BABE-4C6D-B097-4B6DA3706DD7}.Debug|x64.Build.0 = Debug|Any CPU
		{0D9F8E08-BABE-4C6D-B097-4B6DA3706DD7}.Debug|x86.ActiveCfg = Debug|Any CPU
		{0D9F8E08-BABE-4C6D-B097-4B6DA3706DD7}.Debug|x86.Build.0 = Debug|Any CPU
		{0D9F8E08-BABE-4C6D-B097-4B6DA3706DD7}.Release|Any CPU.ActiveCfg = Release|Any CPU
		{0D9F8E08-BABE-4C6D-B097-4B6DA3706DD7}.Release|Any CPU.Build.0 = Release|Any CPU
		{0D9F8E08-BABE-4C6D-B097-4B6DA3706DD7}.Release|ARM.ActiveCfg = Release|Any CPU
		{0D9F8E08-BABE-4C6D-B097-4B6DA3706DD7}.Release|ARM.Build.0 = Release|Any CPU
		{0D9F8E08-BABE-4C6D-B097-4B6DA3706DD7}.Release|iPhone.ActiveCfg = Release|Any CPU
		{0D9F8E08-BABE-4C6D-B097-4B6DA3706DD7}.Release|iPhone.Build.0 = Release|Any CPU
		{0D9F8E08-BABE-4C6D-B097-4B6DA3706DD7}.Release|iPhoneSimulator.ActiveCfg = Release|Any CPU
		{0D9F8E08-BABE-4C6D-B097-4B6DA3706DD7}.Release|iPhoneSimulator.Build.0 = Release|Any CPU
		{0D9F8E08-BABE-4C6D-B097-4B6DA3706DD7}.Release|x64.ActiveCfg = Release|Any CPU
		{0D9F8E08-BABE-4C6D-B097-4B6DA3706DD7}.Release|x64.Build.0 = Release|Any CPU
		{0D9F8E08-BABE-4C6D-B097-4B6DA3706DD7}.Release|x86.ActiveCfg = Release|Any CPU
		{0D9F8E08-BABE-4C6D-B097-4B6DA3706DD7}.Release|x86.Build.0 = Release|Any CPU
		{0C058572-78DF-45F2-9EE2-8972A790C37D}.Ad-Hoc|Any CPU.ActiveCfg = Release|Any CPU
		{0C058572-78DF-45F2-9EE2-8972A790C37D}.Ad-Hoc|Any CPU.Build.0 = Release|Any CPU
		{0C058572-78DF-45F2-9EE2-8972A790C37D}.Ad-Hoc|ARM.ActiveCfg = Release|Any CPU
		{0C058572-78DF-45F2-9EE2-8972A790C37D}.Ad-Hoc|ARM.Build.0 = Release|Any CPU
		{0C058572-78DF-45F2-9EE2-8972A790C37D}.Ad-Hoc|iPhone.ActiveCfg = Release|Any CPU
		{0C058572-78DF-45F2-9EE2-8972A790C37D}.Ad-Hoc|iPhone.Build.0 = Release|Any CPU
		{0C058572-78DF-45F2-9EE2-8972A790C37D}.Ad-Hoc|iPhoneSimulator.ActiveCfg = Release|Any CPU
		{0C058572-78DF-45F2-9EE2-8972A790C37D}.Ad-Hoc|iPhoneSimulator.Build.0 = Release|Any CPU
		{0C058572-78DF-45F2-9EE2-8972A790C37D}.Ad-Hoc|x64.ActiveCfg = Release|Any CPU
		{0C058572-78DF-45F2-9EE2-8972A790C37D}.Ad-Hoc|x64.Build.0 = Release|Any CPU
		{0C058572-78DF-45F2-9EE2-8972A790C37D}.Ad-Hoc|x86.ActiveCfg = Release|Any CPU
		{0C058572-78DF-45F2-9EE2-8972A790C37D}.Ad-Hoc|x86.Build.0 = Release|Any CPU
		{0C058572-78DF-45F2-9EE2-8972A790C37D}.AppStore|Any CPU.ActiveCfg = Release|Any CPU
		{0C058572-78DF-45F2-9EE2-8972A790C37D}.AppStore|Any CPU.Build.0 = Release|Any CPU
		{0C058572-78DF-45F2-9EE2-8972A790C37D}.AppStore|ARM.ActiveCfg = Release|Any CPU
		{0C058572-78DF-45F2-9EE2-8972A790C37D}.AppStore|ARM.Build.0 = Release|Any CPU
		{0C058572-78DF-45F2-9EE2-8972A790C37D}.AppStore|iPhone.ActiveCfg = Release|Any CPU
		{0C058572-78DF-45F2-9EE2-8972A790C37D}.AppStore|iPhone.Build.0 = Release|Any CPU
		{0C058572-78DF-45F2-9EE2-8972A790C37D}.AppStore|iPhoneSimulator.ActiveCfg = Release|Any CPU
		{0C058572-78DF-45F2-9EE2-8972A790C37D}.AppStore|iPhoneSimulator.Build.0 = Release|Any CPU
		{0C058572-78DF-45F2-9EE2-8972A790C37D}.AppStore|x64.ActiveCfg = Release|Any CPU
		{0C058572-78DF-45F2-9EE2-8972A790C37D}.AppStore|x64.Build.0 = Release|Any CPU
		{0C058572-78DF-45F2-9EE2-8972A790C37D}.AppStore|x86.ActiveCfg = Release|Any CPU
		{0C058572-78DF-45F2-9EE2-8972A790C37D}.AppStore|x86.Build.0 = Release|Any CPU
		{0C058572-78DF-45F2-9EE2-8972A790C37D}.Debug|Any CPU.ActiveCfg = Debug|Any CPU
		{0C058572-78DF-45F2-9EE2-8972A790C37D}.Debug|Any CPU.Build.0 = Debug|Any CPU
		{0C058572-78DF-45F2-9EE2-8972A790C37D}.Debug|ARM.ActiveCfg = Debug|Any CPU
		{0C058572-78DF-45F2-9EE2-8972A790C37D}.Debug|ARM.Build.0 = Debug|Any CPU
		{0C058572-78DF-45F2-9EE2-8972A790C37D}.Debug|iPhone.ActiveCfg = Debug|Any CPU
		{0C058572-78DF-45F2-9EE2-8972A790C37D}.Debug|iPhone.Build.0 = Debug|Any CPU
		{0C058572-78DF-45F2-9EE2-8972A790C37D}.Debug|iPhoneSimulator.ActiveCfg = Debug|Any CPU
		{0C058572-78DF-45F2-9EE2-8972A790C37D}.Debug|iPhoneSimulator.Build.0 = Debug|Any CPU
		{0C058572-78DF-45F2-9EE2-8972A790C37D}.Debug|x64.ActiveCfg = Debug|Any CPU
		{0C058572-78DF-45F2-9EE2-8972A790C37D}.Debug|x64.Build.0 = Debug|Any CPU
		{0C058572-78DF-45F2-9EE2-8972A790C37D}.Debug|x86.ActiveCfg = Debug|Any CPU
		{0C058572-78DF-45F2-9EE2-8972A790C37D}.Debug|x86.Build.0 = Debug|Any CPU
		{0C058572-78DF-45F2-9EE2-8972A790C37D}.Release|Any CPU.ActiveCfg = Release|Any CPU
		{0C058572-78DF-45F2-9EE2-8972A790C37D}.Release|Any CPU.Build.0 = Release|Any CPU
		{0C058572-78DF-45F2-9EE2-8972A790C37D}.Release|ARM.ActiveCfg = Release|Any CPU
		{0C058572-78DF-45F2-9EE2-8972A790C37D}.Release|ARM.Build.0 = Release|Any CPU
		{0C058572-78DF-45F2-9EE2-8972A790C37D}.Release|iPhone.ActiveCfg = Release|Any CPU
		{0C058572-78DF-45F2-9EE2-8972A790C37D}.Release|iPhone.Build.0 = Release|Any CPU
		{0C058572-78DF-45F2-9EE2-8972A790C37D}.Release|iPhoneSimulator.ActiveCfg = Release|Any CPU
		{0C058572-78DF-45F2-9EE2-8972A790C37D}.Release|iPhoneSimulator.Build.0 = Release|Any CPU
		{0C058572-78DF-45F2-9EE2-8972A790C37D}.Release|x64.ActiveCfg = Release|Any CPU
		{0C058572-78DF-45F2-9EE2-8972A790C37D}.Release|x64.Build.0 = Release|Any CPU
		{0C058572-78DF-45F2-9EE2-8972A790C37D}.Release|x86.ActiveCfg = Release|Any CPU
		{0C058572-78DF-45F2-9EE2-8972A790C37D}.Release|x86.Build.0 = Release|Any CPU
		{42D59F93-57A8-4ACC-8A1D-4EC134FD59BA}.Ad-Hoc|Any CPU.ActiveCfg = Release|Any CPU
		{42D59F93-57A8-4ACC-8A1D-4EC134FD59BA}.Ad-Hoc|Any CPU.Build.0 = Release|Any CPU
		{42D59F93-57A8-4ACC-8A1D-4EC134FD59BA}.Ad-Hoc|Any CPU.Deploy.0 = Release|Any CPU
		{42D59F93-57A8-4ACC-8A1D-4EC134FD59BA}.Ad-Hoc|ARM.ActiveCfg = Release|Any CPU
		{42D59F93-57A8-4ACC-8A1D-4EC134FD59BA}.Ad-Hoc|ARM.Build.0 = Release|Any CPU
		{42D59F93-57A8-4ACC-8A1D-4EC134FD59BA}.Ad-Hoc|ARM.Deploy.0 = Release|Any CPU
		{42D59F93-57A8-4ACC-8A1D-4EC134FD59BA}.Ad-Hoc|iPhone.ActiveCfg = Release|Any CPU
		{42D59F93-57A8-4ACC-8A1D-4EC134FD59BA}.Ad-Hoc|iPhone.Build.0 = Release|Any CPU
		{42D59F93-57A8-4ACC-8A1D-4EC134FD59BA}.Ad-Hoc|iPhone.Deploy.0 = Release|Any CPU
		{42D59F93-57A8-4ACC-8A1D-4EC134FD59BA}.Ad-Hoc|iPhoneSimulator.ActiveCfg = Release|Any CPU
		{42D59F93-57A8-4ACC-8A1D-4EC134FD59BA}.Ad-Hoc|iPhoneSimulator.Build.0 = Release|Any CPU
		{42D59F93-57A8-4ACC-8A1D-4EC134FD59BA}.Ad-Hoc|iPhoneSimulator.Deploy.0 = Release|Any CPU
		{42D59F93-57A8-4ACC-8A1D-4EC134FD59BA}.Ad-Hoc|x64.ActiveCfg = Release|Any CPU
		{42D59F93-57A8-4ACC-8A1D-4EC134FD59BA}.Ad-Hoc|x64.Build.0 = Release|Any CPU
		{42D59F93-57A8-4ACC-8A1D-4EC134FD59BA}.Ad-Hoc|x64.Deploy.0 = Release|Any CPU
		{42D59F93-57A8-4ACC-8A1D-4EC134FD59BA}.Ad-Hoc|x86.ActiveCfg = Release|Any CPU
		{42D59F93-57A8-4ACC-8A1D-4EC134FD59BA}.Ad-Hoc|x86.Build.0 = Release|Any CPU
		{42D59F93-57A8-4ACC-8A1D-4EC134FD59BA}.Ad-Hoc|x86.Deploy.0 = Release|Any CPU
		{42D59F93-57A8-4ACC-8A1D-4EC134FD59BA}.AppStore|Any CPU.ActiveCfg = Release|Any CPU
		{42D59F93-57A8-4ACC-8A1D-4EC134FD59BA}.AppStore|Any CPU.Build.0 = Release|Any CPU
		{42D59F93-57A8-4ACC-8A1D-4EC134FD59BA}.AppStore|Any CPU.Deploy.0 = Release|Any CPU
		{42D59F93-57A8-4ACC-8A1D-4EC134FD59BA}.AppStore|ARM.ActiveCfg = Release|Any CPU
		{42D59F93-57A8-4ACC-8A1D-4EC134FD59BA}.AppStore|ARM.Build.0 = Release|Any CPU
		{42D59F93-57A8-4ACC-8A1D-4EC134FD59BA}.AppStore|ARM.Deploy.0 = Release|Any CPU
		{42D59F93-57A8-4ACC-8A1D-4EC134FD59BA}.AppStore|iPhone.ActiveCfg = Release|Any CPU
		{42D59F93-57A8-4ACC-8A1D-4EC134FD59BA}.AppStore|iPhone.Build.0 = Release|Any CPU
		{42D59F93-57A8-4ACC-8A1D-4EC134FD59BA}.AppStore|iPhone.Deploy.0 = Release|Any CPU
		{42D59F93-57A8-4ACC-8A1D-4EC134FD59BA}.AppStore|iPhoneSimulator.ActiveCfg = Release|Any CPU
		{42D59F93-57A8-4ACC-8A1D-4EC134FD59BA}.AppStore|iPhoneSimulator.Build.0 = Release|Any CPU
		{42D59F93-57A8-4ACC-8A1D-4EC134FD59BA}.AppStore|iPhoneSimulator.Deploy.0 = Release|Any CPU
		{42D59F93-57A8-4ACC-8A1D-4EC134FD59BA}.AppStore|x64.ActiveCfg = Release|Any CPU
		{42D59F93-57A8-4ACC-8A1D-4EC134FD59BA}.AppStore|x64.Build.0 = Release|Any CPU
		{42D59F93-57A8-4ACC-8A1D-4EC134FD59BA}.AppStore|x64.Deploy.0 = Release|Any CPU
		{42D59F93-57A8-4ACC-8A1D-4EC134FD59BA}.AppStore|x86.ActiveCfg = Release|Any CPU
		{42D59F93-57A8-4ACC-8A1D-4EC134FD59BA}.AppStore|x86.Build.0 = Release|Any CPU
		{42D59F93-57A8-4ACC-8A1D-4EC134FD59BA}.AppStore|x86.Deploy.0 = Release|Any CPU
		{42D59F93-57A8-4ACC-8A1D-4EC134FD59BA}.Debug|Any CPU.ActiveCfg = Debug|Any CPU
		{42D59F93-57A8-4ACC-8A1D-4EC134FD59BA}.Debug|Any CPU.Build.0 = Debug|Any CPU
		{42D59F93-57A8-4ACC-8A1D-4EC134FD59BA}.Debug|Any CPU.Deploy.0 = Debug|Any CPU
		{42D59F93-57A8-4ACC-8A1D-4EC134FD59BA}.Debug|ARM.ActiveCfg = Debug|Any CPU
		{42D59F93-57A8-4ACC-8A1D-4EC134FD59BA}.Debug|ARM.Build.0 = Debug|Any CPU
		{42D59F93-57A8-4ACC-8A1D-4EC134FD59BA}.Debug|ARM.Deploy.0 = Debug|Any CPU
		{42D59F93-57A8-4ACC-8A1D-4EC134FD59BA}.Debug|iPhone.ActiveCfg = Debug|Any CPU
		{42D59F93-57A8-4ACC-8A1D-4EC134FD59BA}.Debug|iPhone.Build.0 = Debug|Any CPU
		{42D59F93-57A8-4ACC-8A1D-4EC134FD59BA}.Debug|iPhone.Deploy.0 = Debug|Any CPU
		{42D59F93-57A8-4ACC-8A1D-4EC134FD59BA}.Debug|iPhoneSimulator.ActiveCfg = Debug|Any CPU
		{42D59F93-57A8-4ACC-8A1D-4EC134FD59BA}.Debug|iPhoneSimulator.Build.0 = Debug|Any CPU
		{42D59F93-57A8-4ACC-8A1D-4EC134FD59BA}.Debug|iPhoneSimulator.Deploy.0 = Debug|Any CPU
		{42D59F93-57A8-4ACC-8A1D-4EC134FD59BA}.Debug|x64.ActiveCfg = Debug|Any CPU
		{42D59F93-57A8-4ACC-8A1D-4EC134FD59BA}.Debug|x64.Build.0 = Debug|Any CPU
		{42D59F93-57A8-4ACC-8A1D-4EC134FD59BA}.Debug|x64.Deploy.0 = Debug|Any CPU
		{42D59F93-57A8-4ACC-8A1D-4EC134FD59BA}.Debug|x86.ActiveCfg = Debug|Any CPU
		{42D59F93-57A8-4ACC-8A1D-4EC134FD59BA}.Debug|x86.Build.0 = Debug|Any CPU
		{42D59F93-57A8-4ACC-8A1D-4EC134FD59BA}.Debug|x86.Deploy.0 = Debug|Any CPU
		{42D59F93-57A8-4ACC-8A1D-4EC134FD59BA}.Release|Any CPU.ActiveCfg = Release|Any CPU
		{42D59F93-57A8-4ACC-8A1D-4EC134FD59BA}.Release|Any CPU.Build.0 = Release|Any CPU
		{42D59F93-57A8-4ACC-8A1D-4EC134FD59BA}.Release|Any CPU.Deploy.0 = Release|Any CPU
		{42D59F93-57A8-4ACC-8A1D-4EC134FD59BA}.Release|ARM.ActiveCfg = Release|Any CPU
		{42D59F93-57A8-4ACC-8A1D-4EC134FD59BA}.Release|ARM.Build.0 = Release|Any CPU
		{42D59F93-57A8-4ACC-8A1D-4EC134FD59BA}.Release|ARM.Deploy.0 = Release|Any CPU
		{42D59F93-57A8-4ACC-8A1D-4EC134FD59BA}.Release|iPhone.ActiveCfg = Release|Any CPU
		{42D59F93-57A8-4ACC-8A1D-4EC134FD59BA}.Release|iPhone.Build.0 = Release|Any CPU
		{42D59F93-57A8-4ACC-8A1D-4EC134FD59BA}.Release|iPhone.Deploy.0 = Release|Any CPU
		{42D59F93-57A8-4ACC-8A1D-4EC134FD59BA}.Release|iPhoneSimulator.ActiveCfg = Release|Any CPU
		{42D59F93-57A8-4ACC-8A1D-4EC134FD59BA}.Release|iPhoneSimulator.Build.0 = Release|Any CPU
		{42D59F93-57A8-4ACC-8A1D-4EC134FD59BA}.Release|iPhoneSimulator.Deploy.0 = Release|Any CPU
		{42D59F93-57A8-4ACC-8A1D-4EC134FD59BA}.Release|x64.ActiveCfg = Release|Any CPU
		{42D59F93-57A8-4ACC-8A1D-4EC134FD59BA}.Release|x64.Build.0 = Release|Any CPU
		{42D59F93-57A8-4ACC-8A1D-4EC134FD59BA}.Release|x64.Deploy.0 = Release|Any CPU
		{42D59F93-57A8-4ACC-8A1D-4EC134FD59BA}.Release|x86.ActiveCfg = Release|Any CPU
		{42D59F93-57A8-4ACC-8A1D-4EC134FD59BA}.Release|x86.Build.0 = Release|Any CPU
		{42D59F93-57A8-4ACC-8A1D-4EC134FD59BA}.Release|x86.Deploy.0 = Release|Any CPU
		{CF741E22-F2C8-4E22-9758-1FEC15A36604}.Ad-Hoc|Any CPU.ActiveCfg = Ad-Hoc|iPhone
		{CF741E22-F2C8-4E22-9758-1FEC15A36604}.Ad-Hoc|ARM.ActiveCfg = Ad-Hoc|iPhone
		{CF741E22-F2C8-4E22-9758-1FEC15A36604}.Ad-Hoc|iPhone.ActiveCfg = Ad-Hoc|iPhone
		{CF741E22-F2C8-4E22-9758-1FEC15A36604}.Ad-Hoc|iPhone.Build.0 = Ad-Hoc|iPhone
		{CF741E22-F2C8-4E22-9758-1FEC15A36604}.Ad-Hoc|iPhoneSimulator.ActiveCfg = Ad-Hoc|iPhoneSimulator
		{CF741E22-F2C8-4E22-9758-1FEC15A36604}.Ad-Hoc|iPhoneSimulator.Build.0 = Ad-Hoc|iPhoneSimulator
		{CF741E22-F2C8-4E22-9758-1FEC15A36604}.Ad-Hoc|x64.ActiveCfg = Ad-Hoc|iPhone
		{CF741E22-F2C8-4E22-9758-1FEC15A36604}.Ad-Hoc|x86.ActiveCfg = Ad-Hoc|iPhone
		{CF741E22-F2C8-4E22-9758-1FEC15A36604}.AppStore|Any CPU.ActiveCfg = AppStore|iPhone
		{CF741E22-F2C8-4E22-9758-1FEC15A36604}.AppStore|ARM.ActiveCfg = AppStore|iPhone
		{CF741E22-F2C8-4E22-9758-1FEC15A36604}.AppStore|iPhone.ActiveCfg = AppStore|iPhone
		{CF741E22-F2C8-4E22-9758-1FEC15A36604}.AppStore|iPhone.Build.0 = AppStore|iPhone
		{CF741E22-F2C8-4E22-9758-1FEC15A36604}.AppStore|iPhoneSimulator.ActiveCfg = AppStore|iPhoneSimulator
		{CF741E22-F2C8-4E22-9758-1FEC15A36604}.AppStore|iPhoneSimulator.Build.0 = AppStore|iPhoneSimulator
		{CF741E22-F2C8-4E22-9758-1FEC15A36604}.AppStore|x64.ActiveCfg = AppStore|iPhone
		{CF741E22-F2C8-4E22-9758-1FEC15A36604}.AppStore|x86.ActiveCfg = AppStore|iPhone
		{CF741E22-F2C8-4E22-9758-1FEC15A36604}.Debug|Any CPU.ActiveCfg = Debug|iPhone
		{CF741E22-F2C8-4E22-9758-1FEC15A36604}.Debug|Any CPU.Build.0 = Debug|iPhone
		{CF741E22-F2C8-4E22-9758-1FEC15A36604}.Debug|ARM.ActiveCfg = Debug|iPhone
		{CF741E22-F2C8-4E22-9758-1FEC15A36604}.Debug|iPhone.ActiveCfg = Debug|iPhone
		{CF741E22-F2C8-4E22-9758-1FEC15A36604}.Debug|iPhone.Build.0 = Debug|iPhone
		{CF741E22-F2C8-4E22-9758-1FEC15A36604}.Debug|iPhoneSimulator.ActiveCfg = Debug|iPhoneSimulator
		{CF741E22-F2C8-4E22-9758-1FEC15A36604}.Debug|iPhoneSimulator.Build.0 = Debug|iPhoneSimulator
		{CF741E22-F2C8-4E22-9758-1FEC15A36604}.Debug|x64.ActiveCfg = Debug|iPhone
		{CF741E22-F2C8-4E22-9758-1FEC15A36604}.Debug|x86.ActiveCfg = Debug|iPhone
		{CF741E22-F2C8-4E22-9758-1FEC15A36604}.Release|Any CPU.ActiveCfg = Release|iPhone
		{CF741E22-F2C8-4E22-9758-1FEC15A36604}.Release|ARM.ActiveCfg = Release|iPhone
		{CF741E22-F2C8-4E22-9758-1FEC15A36604}.Release|iPhone.ActiveCfg = Release|iPhone
		{CF741E22-F2C8-4E22-9758-1FEC15A36604}.Release|iPhone.Build.0 = Release|iPhone
		{CF741E22-F2C8-4E22-9758-1FEC15A36604}.Release|iPhoneSimulator.ActiveCfg = Release|iPhoneSimulator
		{CF741E22-F2C8-4E22-9758-1FEC15A36604}.Release|iPhoneSimulator.Build.0 = Release|iPhoneSimulator
		{CF741E22-F2C8-4E22-9758-1FEC15A36604}.Release|x64.ActiveCfg = Release|iPhone
		{CF741E22-F2C8-4E22-9758-1FEC15A36604}.Release|x86.ActiveCfg = Release|iPhone
		{BD138E68-BC5A-4776-83DE-B363F1E1CB51}.Ad-Hoc|Any CPU.ActiveCfg = Release|Any CPU
		{BD138E68-BC5A-4776-83DE-B363F1E1CB51}.Ad-Hoc|Any CPU.Build.0 = Release|Any CPU
		{BD138E68-BC5A-4776-83DE-B363F1E1CB51}.Ad-Hoc|Any CPU.Deploy.0 = Release|Any CPU
		{BD138E68-BC5A-4776-83DE-B363F1E1CB51}.Ad-Hoc|ARM.ActiveCfg = Release|ARM
		{BD138E68-BC5A-4776-83DE-B363F1E1CB51}.Ad-Hoc|ARM.Build.0 = Release|ARM
		{BD138E68-BC5A-4776-83DE-B363F1E1CB51}.Ad-Hoc|ARM.Deploy.0 = Release|ARM
		{BD138E68-BC5A-4776-83DE-B363F1E1CB51}.Ad-Hoc|iPhone.ActiveCfg = Release|Any CPU
		{BD138E68-BC5A-4776-83DE-B363F1E1CB51}.Ad-Hoc|iPhone.Build.0 = Release|Any CPU
		{BD138E68-BC5A-4776-83DE-B363F1E1CB51}.Ad-Hoc|iPhone.Deploy.0 = Release|Any CPU
		{BD138E68-BC5A-4776-83DE-B363F1E1CB51}.Ad-Hoc|iPhoneSimulator.ActiveCfg = Release|Any CPU
		{BD138E68-BC5A-4776-83DE-B363F1E1CB51}.Ad-Hoc|iPhoneSimulator.Build.0 = Release|Any CPU
		{BD138E68-BC5A-4776-83DE-B363F1E1CB51}.Ad-Hoc|iPhoneSimulator.Deploy.0 = Release|Any CPU
		{BD138E68-BC5A-4776-83DE-B363F1E1CB51}.Ad-Hoc|x64.ActiveCfg = Release|Any CPU
		{BD138E68-BC5A-4776-83DE-B363F1E1CB51}.Ad-Hoc|x64.Build.0 = Release|Any CPU
		{BD138E68-BC5A-4776-83DE-B363F1E1CB51}.Ad-Hoc|x64.Deploy.0 = Release|Any CPU
		{BD138E68-BC5A-4776-83DE-B363F1E1CB51}.Ad-Hoc|x86.ActiveCfg = Release|x86
		{BD138E68-BC5A-4776-83DE-B363F1E1CB51}.Ad-Hoc|x86.Build.0 = Release|x86
		{BD138E68-BC5A-4776-83DE-B363F1E1CB51}.Ad-Hoc|x86.Deploy.0 = Release|x86
		{BD138E68-BC5A-4776-83DE-B363F1E1CB51}.AppStore|Any CPU.ActiveCfg = Release|Any CPU
		{BD138E68-BC5A-4776-83DE-B363F1E1CB51}.AppStore|Any CPU.Build.0 = Release|Any CPU
		{BD138E68-BC5A-4776-83DE-B363F1E1CB51}.AppStore|Any CPU.Deploy.0 = Release|Any CPU
		{BD138E68-BC5A-4776-83DE-B363F1E1CB51}.AppStore|ARM.ActiveCfg = Release|ARM
		{BD138E68-BC5A-4776-83DE-B363F1E1CB51}.AppStore|ARM.Build.0 = Release|ARM
		{BD138E68-BC5A-4776-83DE-B363F1E1CB51}.AppStore|ARM.Deploy.0 = Release|ARM
		{BD138E68-BC5A-4776-83DE-B363F1E1CB51}.AppStore|iPhone.ActiveCfg = Release|Any CPU
		{BD138E68-BC5A-4776-83DE-B363F1E1CB51}.AppStore|iPhone.Build.0 = Release|Any CPU
		{BD138E68-BC5A-4776-83DE-B363F1E1CB51}.AppStore|iPhone.Deploy.0 = Release|Any CPU
		{BD138E68-BC5A-4776-83DE-B363F1E1CB51}.AppStore|iPhoneSimulator.ActiveCfg = Release|Any CPU
		{BD138E68-BC5A-4776-83DE-B363F1E1CB51}.AppStore|iPhoneSimulator.Build.0 = Release|Any CPU
		{BD138E68-BC5A-4776-83DE-B363F1E1CB51}.AppStore|iPhoneSimulator.Deploy.0 = Release|Any CPU
		{BD138E68-BC5A-4776-83DE-B363F1E1CB51}.AppStore|x64.ActiveCfg = Release|Any CPU
		{BD138E68-BC5A-4776-83DE-B363F1E1CB51}.AppStore|x64.Build.0 = Release|Any CPU
		{BD138E68-BC5A-4776-83DE-B363F1E1CB51}.AppStore|x64.Deploy.0 = Release|Any CPU
		{BD138E68-BC5A-4776-83DE-B363F1E1CB51}.AppStore|x86.ActiveCfg = Release|x86
		{BD138E68-BC5A-4776-83DE-B363F1E1CB51}.AppStore|x86.Build.0 = Release|x86
		{BD138E68-BC5A-4776-83DE-B363F1E1CB51}.AppStore|x86.Deploy.0 = Release|x86
		{BD138E68-BC5A-4776-83DE-B363F1E1CB51}.Debug|Any CPU.ActiveCfg = Debug|Any CPU
		{BD138E68-BC5A-4776-83DE-B363F1E1CB51}.Debug|Any CPU.Build.0 = Debug|Any CPU
		{BD138E68-BC5A-4776-83DE-B363F1E1CB51}.Debug|Any CPU.Deploy.0 = Debug|Any CPU
		{BD138E68-BC5A-4776-83DE-B363F1E1CB51}.Debug|ARM.ActiveCfg = Debug|ARM
		{BD138E68-BC5A-4776-83DE-B363F1E1CB51}.Debug|ARM.Build.0 = Debug|ARM
		{BD138E68-BC5A-4776-83DE-B363F1E1CB51}.Debug|ARM.Deploy.0 = Debug|ARM
		{BD138E68-BC5A-4776-83DE-B363F1E1CB51}.Debug|iPhone.ActiveCfg = Debug|Any CPU
		{BD138E68-BC5A-4776-83DE-B363F1E1CB51}.Debug|iPhone.Build.0 = Debug|Any CPU
		{BD138E68-BC5A-4776-83DE-B363F1E1CB51}.Debug|iPhone.Deploy.0 = Debug|Any CPU
		{BD138E68-BC5A-4776-83DE-B363F1E1CB51}.Debug|iPhoneSimulator.ActiveCfg = Debug|Any CPU
		{BD138E68-BC5A-4776-83DE-B363F1E1CB51}.Debug|iPhoneSimulator.Build.0 = Debug|Any CPU
		{BD138E68-BC5A-4776-83DE-B363F1E1CB51}.Debug|iPhoneSimulator.Deploy.0 = Debug|Any CPU
		{BD138E68-BC5A-4776-83DE-B363F1E1CB51}.Debug|x64.ActiveCfg = Debug|Any CPU
		{BD138E68-BC5A-4776-83DE-B363F1E1CB51}.Debug|x64.Build.0 = Debug|Any CPU
		{BD138E68-BC5A-4776-83DE-B363F1E1CB51}.Debug|x64.Deploy.0 = Debug|Any CPU
		{BD138E68-BC5A-4776-83DE-B363F1E1CB51}.Debug|x86.ActiveCfg = Debug|x86
		{BD138E68-BC5A-4776-83DE-B363F1E1CB51}.Debug|x86.Build.0 = Debug|x86
		{BD138E68-BC5A-4776-83DE-B363F1E1CB51}.Debug|x86.Deploy.0 = Debug|x86
		{BD138E68-BC5A-4776-83DE-B363F1E1CB51}.Release|Any CPU.ActiveCfg = Release|Any CPU
		{BD138E68-BC5A-4776-83DE-B363F1E1CB51}.Release|Any CPU.Build.0 = Release|Any CPU
		{BD138E68-BC5A-4776-83DE-B363F1E1CB51}.Release|Any CPU.Deploy.0 = Release|Any CPU
		{BD138E68-BC5A-4776-83DE-B363F1E1CB51}.Release|ARM.ActiveCfg = Release|ARM
		{BD138E68-BC5A-4776-83DE-B363F1E1CB51}.Release|ARM.Build.0 = Release|ARM
		{BD138E68-BC5A-4776-83DE-B363F1E1CB51}.Release|ARM.Deploy.0 = Release|ARM
		{BD138E68-BC5A-4776-83DE-B363F1E1CB51}.Release|iPhone.ActiveCfg = Release|Any CPU
		{BD138E68-BC5A-4776-83DE-B363F1E1CB51}.Release|iPhone.Build.0 = Release|Any CPU
		{BD138E68-BC5A-4776-83DE-B363F1E1CB51}.Release|iPhone.Deploy.0 = Release|Any CPU
		{BD138E68-BC5A-4776-83DE-B363F1E1CB51}.Release|iPhoneSimulator.ActiveCfg = Release|Any CPU
		{BD138E68-BC5A-4776-83DE-B363F1E1CB51}.Release|iPhoneSimulator.Build.0 = Release|Any CPU
		{BD138E68-BC5A-4776-83DE-B363F1E1CB51}.Release|iPhoneSimulator.Deploy.0 = Release|Any CPU
		{BD138E68-BC5A-4776-83DE-B363F1E1CB51}.Release|x64.ActiveCfg = Release|Any CPU
		{BD138E68-BC5A-4776-83DE-B363F1E1CB51}.Release|x64.Build.0 = Release|Any CPU
		{BD138E68-BC5A-4776-83DE-B363F1E1CB51}.Release|x64.Deploy.0 = Release|Any CPU
		{BD138E68-BC5A-4776-83DE-B363F1E1CB51}.Release|x86.ActiveCfg = Release|x86
		{BD138E68-BC5A-4776-83DE-B363F1E1CB51}.Release|x86.Build.0 = Release|x86
		{BD138E68-BC5A-4776-83DE-B363F1E1CB51}.Release|x86.Deploy.0 = Release|x86
		{5AE43BFF-B53B-4AF7-9EDF-E5118232DD38}.Ad-Hoc|Any CPU.ActiveCfg = Release|x86
		{5AE43BFF-B53B-4AF7-9EDF-E5118232DD38}.Ad-Hoc|Any CPU.Build.0 = Release|x86
		{5AE43BFF-B53B-4AF7-9EDF-E5118232DD38}.Ad-Hoc|Any CPU.Deploy.0 = Release|x86
		{5AE43BFF-B53B-4AF7-9EDF-E5118232DD38}.Ad-Hoc|ARM.ActiveCfg = Release|ARM
		{5AE43BFF-B53B-4AF7-9EDF-E5118232DD38}.Ad-Hoc|ARM.Build.0 = Release|ARM
		{5AE43BFF-B53B-4AF7-9EDF-E5118232DD38}.Ad-Hoc|ARM.Deploy.0 = Release|ARM
		{5AE43BFF-B53B-4AF7-9EDF-E5118232DD38}.Ad-Hoc|iPhone.ActiveCfg = Release|x86
		{5AE43BFF-B53B-4AF7-9EDF-E5118232DD38}.Ad-Hoc|iPhone.Build.0 = Release|x86
		{5AE43BFF-B53B-4AF7-9EDF-E5118232DD38}.Ad-Hoc|iPhone.Deploy.0 = Release|x86
		{5AE43BFF-B53B-4AF7-9EDF-E5118232DD38}.Ad-Hoc|iPhoneSimulator.ActiveCfg = Release|x86
		{5AE43BFF-B53B-4AF7-9EDF-E5118232DD38}.Ad-Hoc|iPhoneSimulator.Build.0 = Release|x86
		{5AE43BFF-B53B-4AF7-9EDF-E5118232DD38}.Ad-Hoc|iPhoneSimulator.Deploy.0 = Release|x86
		{5AE43BFF-B53B-4AF7-9EDF-E5118232DD38}.Ad-Hoc|x64.ActiveCfg = Release|x64
		{5AE43BFF-B53B-4AF7-9EDF-E5118232DD38}.Ad-Hoc|x64.Build.0 = Release|x64
		{5AE43BFF-B53B-4AF7-9EDF-E5118232DD38}.Ad-Hoc|x64.Deploy.0 = Release|x64
		{5AE43BFF-B53B-4AF7-9EDF-E5118232DD38}.Ad-Hoc|x86.ActiveCfg = Release|x86
		{5AE43BFF-B53B-4AF7-9EDF-E5118232DD38}.Ad-Hoc|x86.Build.0 = Release|x86
		{5AE43BFF-B53B-4AF7-9EDF-E5118232DD38}.Ad-Hoc|x86.Deploy.0 = Release|x86
		{5AE43BFF-B53B-4AF7-9EDF-E5118232DD38}.AppStore|Any CPU.ActiveCfg = Release|x86
		{5AE43BFF-B53B-4AF7-9EDF-E5118232DD38}.AppStore|Any CPU.Build.0 = Release|x86
		{5AE43BFF-B53B-4AF7-9EDF-E5118232DD38}.AppStore|Any CPU.Deploy.0 = Release|x86
		{5AE43BFF-B53B-4AF7-9EDF-E5118232DD38}.AppStore|ARM.ActiveCfg = Release|ARM
		{5AE43BFF-B53B-4AF7-9EDF-E5118232DD38}.AppStore|ARM.Build.0 = Release|ARM
		{5AE43BFF-B53B-4AF7-9EDF-E5118232DD38}.AppStore|ARM.Deploy.0 = Release|ARM
		{5AE43BFF-B53B-4AF7-9EDF-E5118232DD38}.AppStore|iPhone.ActiveCfg = Release|x86
		{5AE43BFF-B53B-4AF7-9EDF-E5118232DD38}.AppStore|iPhone.Build.0 = Release|x86
		{5AE43BFF-B53B-4AF7-9EDF-E5118232DD38}.AppStore|iPhone.Deploy.0 = Release|x86
		{5AE43BFF-B53B-4AF7-9EDF-E5118232DD38}.AppStore|iPhoneSimulator.ActiveCfg = Release|x86
		{5AE43BFF-B53B-4AF7-9EDF-E5118232DD38}.AppStore|iPhoneSimulator.Build.0 = Release|x86
		{5AE43BFF-B53B-4AF7-9EDF-E5118232DD38}.AppStore|iPhoneSimulator.Deploy.0 = Release|x86
		{5AE43BFF-B53B-4AF7-9EDF-E5118232DD38}.AppStore|x64.ActiveCfg = Release|x64
		{5AE43BFF-B53B-4AF7-9EDF-E5118232DD38}.AppStore|x64.Build.0 = Release|x64
		{5AE43BFF-B53B-4AF7-9EDF-E5118232DD38}.AppStore|x64.Deploy.0 = Release|x64
		{5AE43BFF-B53B-4AF7-9EDF-E5118232DD38}.AppStore|x86.ActiveCfg = Release|x86
		{5AE43BFF-B53B-4AF7-9EDF-E5118232DD38}.AppStore|x86.Build.0 = Release|x86
		{5AE43BFF-B53B-4AF7-9EDF-E5118232DD38}.AppStore|x86.Deploy.0 = Release|x86
		{5AE43BFF-B53B-4AF7-9EDF-E5118232DD38}.Debug|Any CPU.ActiveCfg = Debug|x86
		{5AE43BFF-B53B-4AF7-9EDF-E5118232DD38}.Debug|Any CPU.Build.0 = Debug|x86
		{5AE43BFF-B53B-4AF7-9EDF-E5118232DD38}.Debug|ARM.ActiveCfg = Debug|ARM
		{5AE43BFF-B53B-4AF7-9EDF-E5118232DD38}.Debug|ARM.Build.0 = Debug|ARM
		{5AE43BFF-B53B-4AF7-9EDF-E5118232DD38}.Debug|ARM.Deploy.0 = Debug|ARM
		{5AE43BFF-B53B-4AF7-9EDF-E5118232DD38}.Debug|iPhone.ActiveCfg = Debug|x86
		{5AE43BFF-B53B-4AF7-9EDF-E5118232DD38}.Debug|iPhone.Build.0 = Debug|x86
		{5AE43BFF-B53B-4AF7-9EDF-E5118232DD38}.Debug|iPhoneSimulator.ActiveCfg = Debug|x86
		{5AE43BFF-B53B-4AF7-9EDF-E5118232DD38}.Debug|x64.ActiveCfg = Debug|x64
		{5AE43BFF-B53B-4AF7-9EDF-E5118232DD38}.Debug|x64.Build.0 = Debug|x64
		{5AE43BFF-B53B-4AF7-9EDF-E5118232DD38}.Debug|x64.Deploy.0 = Debug|x64
		{5AE43BFF-B53B-4AF7-9EDF-E5118232DD38}.Debug|x86.ActiveCfg = Debug|x86
		{5AE43BFF-B53B-4AF7-9EDF-E5118232DD38}.Debug|x86.Build.0 = Debug|x86
		{5AE43BFF-B53B-4AF7-9EDF-E5118232DD38}.Debug|x86.Deploy.0 = Debug|x86
		{5AE43BFF-B53B-4AF7-9EDF-E5118232DD38}.Release|Any CPU.ActiveCfg = Release|x86
		{5AE43BFF-B53B-4AF7-9EDF-E5118232DD38}.Release|ARM.ActiveCfg = Release|ARM
		{5AE43BFF-B53B-4AF7-9EDF-E5118232DD38}.Release|ARM.Build.0 = Release|ARM
		{5AE43BFF-B53B-4AF7-9EDF-E5118232DD38}.Release|ARM.Deploy.0 = Release|ARM
		{5AE43BFF-B53B-4AF7-9EDF-E5118232DD38}.Release|iPhone.ActiveCfg = Release|x86
		{5AE43BFF-B53B-4AF7-9EDF-E5118232DD38}.Release|iPhoneSimulator.ActiveCfg = Release|x86
		{5AE43BFF-B53B-4AF7-9EDF-E5118232DD38}.Release|x64.ActiveCfg = Release|x64
		{5AE43BFF-B53B-4AF7-9EDF-E5118232DD38}.Release|x64.Build.0 = Release|x64
		{5AE43BFF-B53B-4AF7-9EDF-E5118232DD38}.Release|x64.Deploy.0 = Release|x64
		{5AE43BFF-B53B-4AF7-9EDF-E5118232DD38}.Release|x86.ActiveCfg = Release|x86
		{5AE43BFF-B53B-4AF7-9EDF-E5118232DD38}.Release|x86.Build.0 = Release|x86
		{5AE43BFF-B53B-4AF7-9EDF-E5118232DD38}.Release|x86.Deploy.0 = Release|x86
		{C942CE5C-A4E0-451D-A3B5-01F4EAE6555E}.Ad-Hoc|Any CPU.ActiveCfg = Release|Any CPU
		{C942CE5C-A4E0-451D-A3B5-01F4EAE6555E}.Ad-Hoc|Any CPU.Build.0 = Release|Any CPU
		{C942CE5C-A4E0-451D-A3B5-01F4EAE6555E}.Ad-Hoc|Any CPU.Deploy.0 = Release|Any CPU
		{C942CE5C-A4E0-451D-A3B5-01F4EAE6555E}.Ad-Hoc|ARM.ActiveCfg = Release|ARM
		{C942CE5C-A4E0-451D-A3B5-01F4EAE6555E}.Ad-Hoc|ARM.Build.0 = Release|ARM
		{C942CE5C-A4E0-451D-A3B5-01F4EAE6555E}.Ad-Hoc|ARM.Deploy.0 = Release|ARM
		{C942CE5C-A4E0-451D-A3B5-01F4EAE6555E}.Ad-Hoc|iPhone.ActiveCfg = Release|Any CPU
		{C942CE5C-A4E0-451D-A3B5-01F4EAE6555E}.Ad-Hoc|iPhone.Build.0 = Release|Any CPU
		{C942CE5C-A4E0-451D-A3B5-01F4EAE6555E}.Ad-Hoc|iPhone.Deploy.0 = Release|Any CPU
		{C942CE5C-A4E0-451D-A3B5-01F4EAE6555E}.Ad-Hoc|iPhoneSimulator.ActiveCfg = Release|Any CPU
		{C942CE5C-A4E0-451D-A3B5-01F4EAE6555E}.Ad-Hoc|iPhoneSimulator.Build.0 = Release|Any CPU
		{C942CE5C-A4E0-451D-A3B5-01F4EAE6555E}.Ad-Hoc|iPhoneSimulator.Deploy.0 = Release|Any CPU
		{C942CE5C-A4E0-451D-A3B5-01F4EAE6555E}.Ad-Hoc|x64.ActiveCfg = Release|x64
		{C942CE5C-A4E0-451D-A3B5-01F4EAE6555E}.Ad-Hoc|x64.Build.0 = Release|x64
		{C942CE5C-A4E0-451D-A3B5-01F4EAE6555E}.Ad-Hoc|x64.Deploy.0 = Release|x64
		{C942CE5C-A4E0-451D-A3B5-01F4EAE6555E}.Ad-Hoc|x86.ActiveCfg = Release|x86
		{C942CE5C-A4E0-451D-A3B5-01F4EAE6555E}.Ad-Hoc|x86.Build.0 = Release|x86
		{C942CE5C-A4E0-451D-A3B5-01F4EAE6555E}.Ad-Hoc|x86.Deploy.0 = Release|x86
		{C942CE5C-A4E0-451D-A3B5-01F4EAE6555E}.AppStore|Any CPU.ActiveCfg = Release|Any CPU
		{C942CE5C-A4E0-451D-A3B5-01F4EAE6555E}.AppStore|Any CPU.Build.0 = Release|Any CPU
		{C942CE5C-A4E0-451D-A3B5-01F4EAE6555E}.AppStore|Any CPU.Deploy.0 = Release|Any CPU
		{C942CE5C-A4E0-451D-A3B5-01F4EAE6555E}.AppStore|ARM.ActiveCfg = Release|ARM
		{C942CE5C-A4E0-451D-A3B5-01F4EAE6555E}.AppStore|ARM.Build.0 = Release|ARM
		{C942CE5C-A4E0-451D-A3B5-01F4EAE6555E}.AppStore|ARM.Deploy.0 = Release|ARM
		{C942CE5C-A4E0-451D-A3B5-01F4EAE6555E}.AppStore|iPhone.ActiveCfg = Release|Any CPU
		{C942CE5C-A4E0-451D-A3B5-01F4EAE6555E}.AppStore|iPhone.Build.0 = Release|Any CPU
		{C942CE5C-A4E0-451D-A3B5-01F4EAE6555E}.AppStore|iPhone.Deploy.0 = Release|Any CPU
		{C942CE5C-A4E0-451D-A3B5-01F4EAE6555E}.AppStore|iPhoneSimulator.ActiveCfg = Release|Any CPU
		{C942CE5C-A4E0-451D-A3B5-01F4EAE6555E}.AppStore|iPhoneSimulator.Build.0 = Release|Any CPU
		{C942CE5C-A4E0-451D-A3B5-01F4EAE6555E}.AppStore|iPhoneSimulator.Deploy.0 = Release|Any CPU
		{C942CE5C-A4E0-451D-A3B5-01F4EAE6555E}.AppStore|x64.ActiveCfg = Release|x64
		{C942CE5C-A4E0-451D-A3B5-01F4EAE6555E}.AppStore|x64.Build.0 = Release|x64
		{C942CE5C-A4E0-451D-A3B5-01F4EAE6555E}.AppStore|x64.Deploy.0 = Release|x64
		{C942CE5C-A4E0-451D-A3B5-01F4EAE6555E}.AppStore|x86.ActiveCfg = Release|x86
		{C942CE5C-A4E0-451D-A3B5-01F4EAE6555E}.AppStore|x86.Build.0 = Release|x86
		{C942CE5C-A4E0-451D-A3B5-01F4EAE6555E}.AppStore|x86.Deploy.0 = Release|x86
		{C942CE5C-A4E0-451D-A3B5-01F4EAE6555E}.Debug|Any CPU.ActiveCfg = Debug|Any CPU
		{C942CE5C-A4E0-451D-A3B5-01F4EAE6555E}.Debug|Any CPU.Build.0 = Debug|Any CPU
		{C942CE5C-A4E0-451D-A3B5-01F4EAE6555E}.Debug|Any CPU.Deploy.0 = Debug|Any CPU
		{C942CE5C-A4E0-451D-A3B5-01F4EAE6555E}.Debug|ARM.ActiveCfg = Debug|ARM
		{C942CE5C-A4E0-451D-A3B5-01F4EAE6555E}.Debug|ARM.Build.0 = Debug|ARM
		{C942CE5C-A4E0-451D-A3B5-01F4EAE6555E}.Debug|ARM.Deploy.0 = Debug|ARM
		{C942CE5C-A4E0-451D-A3B5-01F4EAE6555E}.Debug|iPhone.ActiveCfg = Debug|Any CPU
		{C942CE5C-A4E0-451D-A3B5-01F4EAE6555E}.Debug|iPhone.Build.0 = Debug|Any CPU
		{C942CE5C-A4E0-451D-A3B5-01F4EAE6555E}.Debug|iPhone.Deploy.0 = Debug|Any CPU
		{C942CE5C-A4E0-451D-A3B5-01F4EAE6555E}.Debug|iPhoneSimulator.ActiveCfg = Debug|Any CPU
		{C942CE5C-A4E0-451D-A3B5-01F4EAE6555E}.Debug|iPhoneSimulator.Build.0 = Debug|Any CPU
		{C942CE5C-A4E0-451D-A3B5-01F4EAE6555E}.Debug|iPhoneSimulator.Deploy.0 = Debug|Any CPU
		{C942CE5C-A4E0-451D-A3B5-01F4EAE6555E}.Debug|x64.ActiveCfg = Debug|x64
		{C942CE5C-A4E0-451D-A3B5-01F4EAE6555E}.Debug|x64.Build.0 = Debug|x64
		{C942CE5C-A4E0-451D-A3B5-01F4EAE6555E}.Debug|x64.Deploy.0 = Debug|x64
		{C942CE5C-A4E0-451D-A3B5-01F4EAE6555E}.Debug|x86.ActiveCfg = Debug|x86
		{C942CE5C-A4E0-451D-A3B5-01F4EAE6555E}.Debug|x86.Build.0 = Debug|x86
		{C942CE5C-A4E0-451D-A3B5-01F4EAE6555E}.Debug|x86.Deploy.0 = Debug|x86
		{C942CE5C-A4E0-451D-A3B5-01F4EAE6555E}.Release|Any CPU.ActiveCfg = Release|Any CPU
		{C942CE5C-A4E0-451D-A3B5-01F4EAE6555E}.Release|Any CPU.Build.0 = Release|Any CPU
		{C942CE5C-A4E0-451D-A3B5-01F4EAE6555E}.Release|Any CPU.Deploy.0 = Release|Any CPU
		{C942CE5C-A4E0-451D-A3B5-01F4EAE6555E}.Release|ARM.ActiveCfg = Release|ARM
		{C942CE5C-A4E0-451D-A3B5-01F4EAE6555E}.Release|ARM.Build.0 = Release|ARM
		{C942CE5C-A4E0-451D-A3B5-01F4EAE6555E}.Release|ARM.Deploy.0 = Release|ARM
		{C942CE5C-A4E0-451D-A3B5-01F4EAE6555E}.Release|iPhone.ActiveCfg = Release|Any CPU
		{C942CE5C-A4E0-451D-A3B5-01F4EAE6555E}.Release|iPhone.Build.0 = Release|Any CPU
		{C942CE5C-A4E0-451D-A3B5-01F4EAE6555E}.Release|iPhone.Deploy.0 = Release|Any CPU
		{C942CE5C-A4E0-451D-A3B5-01F4EAE6555E}.Release|iPhoneSimulator.ActiveCfg = Release|Any CPU
		{C942CE5C-A4E0-451D-A3B5-01F4EAE6555E}.Release|iPhoneSimulator.Build.0 = Release|Any CPU
		{C942CE5C-A4E0-451D-A3B5-01F4EAE6555E}.Release|iPhoneSimulator.Deploy.0 = Release|Any CPU
		{C942CE5C-A4E0-451D-A3B5-01F4EAE6555E}.Release|x64.ActiveCfg = Release|x64
		{C942CE5C-A4E0-451D-A3B5-01F4EAE6555E}.Release|x64.Build.0 = Release|x64
		{C942CE5C-A4E0-451D-A3B5-01F4EAE6555E}.Release|x64.Deploy.0 = Release|x64
		{C942CE5C-A4E0-451D-A3B5-01F4EAE6555E}.Release|x86.ActiveCfg = Release|x86
		{C942CE5C-A4E0-451D-A3B5-01F4EAE6555E}.Release|x86.Build.0 = Release|x86
		{C942CE5C-A4E0-451D-A3B5-01F4EAE6555E}.Release|x86.Deploy.0 = Release|x86
	EndGlobalSection
	GlobalSection(SolutionProperties) = preSolution
		HideSolutionNode = FALSE
	EndGlobalSection
	GlobalSection(NestedProjects) = preSolution
		{0C058572-78DF-45F2-9EE2-8972A790C37D} = {6C3E9C59-92C9-4509-8BE6-EAAF615BEAB5}
		{42D59F93-57A8-4ACC-8A1D-4EC134FD59BA} = {6C3E9C59-92C9-4509-8BE6-EAAF615BEAB5}
		{CF741E22-F2C8-4E22-9758-1FEC15A36604} = {6C3E9C59-92C9-4509-8BE6-EAAF615BEAB5}
		{BD138E68-BC5A-4776-83DE-B363F1E1CB51} = {6C3E9C59-92C9-4509-8BE6-EAAF615BEAB5}
		{5AE43BFF-B53B-4AF7-9EDF-E5118232DD38} = {6C3E9C59-92C9-4509-8BE6-EAAF615BEAB5}
		{C942CE5C-A4E0-451D-A3B5-01F4EAE6555E} = {6C3E9C59-92C9-4509-8BE6-EAAF615BEAB5}
	EndGlobalSection
EndGlobal
